
Microsoft Visual Studio Solution File, Format Version 12.00
# Visual Studio Version 17
VisualStudioVersion = 17.14.36915.13
MinimumVisualStudioVersion = 10.0.40219.1
Project("{FAE04EC0-301F-11D3-BF4B-00C04F79EFBC}") = "Server_Side_Code_Aol_SoftEng", "Server_Side_Code_Aol_SoftEng.csproj", "{361816DC-1485-44F4-92BC-689A2397D89E}"
EndProject
Global
	GlobalSection(SolutionConfigurationPlatforms) = preSolution
		Debug|Any CPU = Debug|Any CPU
		Release|Any CPU = Release|Any CPU
	EndGlobalSection
	GlobalSection(ProjectConfigurationPlatforms) = postSolution
		{361816DC-1485-44F4-92BC-689A2397D89E}.Debug|Any CPU.ActiveCfg = Debug|Any CPU
		{361816DC-1485-44F4-92BC-689A2397D89E}.Debug|Any CPU.Build.0 = Debug|Any CPU
		{361816DC-1485-44F4-92BC-689A2397D89E}.Release|Any CPU.ActiveCfg = Release|Any CPU
		{361816DC-1485-44F4-92BC-689A2397D89E}.Release|Any CPU.Build.0 = Release|Any CPU
	EndGlobalSection
	GlobalSection(SolutionProperties) = preSolution
		HideSolutionNode = FALSE
	EndGlobalSection
	GlobalSection(ExtensibilityGlobals) = postSolution
		SolutionGuid = {C72EB456-63F4-4DD7-AAE9-5A01AA8825A9}
	EndGlobalSection
EndGlobal
